# This file is automatically @generated by Poetry 1.5.1 and should not be changed by hand.

[[package]]
name = "install-jdk"
version = "1.1.0"
description = "install-jdk allows you to easily install latest Java OpenJDK version. Supports OpenJDK builds from Adoptium (previously AdoptOpenJDK), Corretto, and Zulu. Simplify your Java development with the latest OpenJDK builds."
optional = false
python-versions = ">=3.6,<4.0"
files = [
    {file = "install_jdk-1.1.0-py3-none-any.whl", hash = "sha256:b63f0fcd63f7abab3443d4120ba92716397753b8a8ea3c85762a629925a9936e"},
    {file = "install_jdk-1.1.0.tar.gz", hash = "sha256:2bfd53caf660e4916df0215a5715519dcb9547fa2a5f07421fd97a8046851eaa"},
]

[metadata]
lock-version = "2.0"
python-versions = "^3.9"
content-hash = "72ad1a9741394f899efe172d2f6ad74425d6094a130ef5f004a7f36638b0a4c8"
